
Microsoft Visual Studio Solution File, Format Version 12.00
# Visual Studio Version 17
VisualStudioVersion = 17.0.31903.59
MinimumVisualStudioVersion = 10.0.40219.1
Project("{2150E333-8FDC-42A3-9474-1A3956D46DE8}") = "src", "src", "{827E0CD3-B72D-47B6-A68D-7590B98EB39B}"
EndProject
Project("{FAE04EC0-301F-11D3-BF4B-00C04F79EFBC}") = "CleanArchitecture.Domain", "src\CleanArchitecture.Domain\CleanArchitecture.Domain.csproj", "{E7FBE34D-0676-443D-B2F1-0ADB10979372}"
EndProject
Project("{FAE04EC0-301F-11D3-BF4B-00C04F79EFBC}") = "CleanArchitecture.Infrastructure", "src\CleanArchitecture.Infrastructure\CleanArchitecture.Infrastructure.csproj", "{6C476029-1CDB-42C6-BF47-38F796BF0794}"
EndProject
Project("{FAE04EC0-301F-11D3-BF4B-00C04F79EFBC}") = "CleanArchitecture.WebAPI", "src\CleanArchitecture.WebAPI\CleanArchitecture.WebAPI.csproj", "{5C736B47-CEBD-4A61-A03F-B241DFDCD86E}"
EndProject
Global
	GlobalSection(SolutionConfigurationPlatforms) = preSolution
		Debug|Any CPU = Debug|Any CPU
		Debug|x64 = Debug|x64
		Debug|x86 = Debug|x86
		Release|Any CPU = Release|Any CPU
		Release|x64 = Release|x64
		Release|x86 = Release|x86
	EndGlobalSection
	GlobalSection(ProjectConfigurationPlatforms) = postSolution
		{E7FBE34D-0676-443D-B2F1-0ADB10979372}.Debug|Any CPU.ActiveCfg = Debug|Any CPU
		{E7FBE34D-0676-443D-B2F1-0ADB10979372}.Debug|Any CPU.Build.0 = Debug|Any CPU
		{E7FBE34D-0676-443D-B2F1-0ADB10979372}.Debug|x64.ActiveCfg = Debug|Any CPU
		{E7FBE34D-0676-443D-B2F1-0ADB10979372}.Debug|x64.Build.0 = Debug|Any CPU
		{E7FBE34D-0676-443D-B2F1-0ADB10979372}.Debug|x86.ActiveCfg = Debug|Any CPU
		{E7FBE34D-0676-443D-B2F1-0ADB10979372}.Debug|x86.Build.0 = Debug|Any CPU
		{E7FBE34D-0676-443D-B2F1-0ADB10979372}.Release|Any CPU.ActiveCfg = Release|Any CPU
		{E7FBE34D-0676-443D-B2F1-0ADB10979372}.Release|Any CPU.Build.0 = Release|Any CPU
		{E7FBE34D-0676-443D-B2F1-0ADB10979372}.Release|x64.ActiveCfg = Release|Any CPU
		{E7FBE34D-0676-443D-B2F1-0ADB10979372}.Release|x64.Build.0 = Release|Any CPU
		{E7FBE34D-0676-443D-B2F1-0ADB10979372}.Release|x86.ActiveCfg = Release|Any CPU
		{E7FBE34D-0676-443D-B2F1-0ADB10979372}.Release|x86.Build.0 = Release|Any CPU
		{6C476029-1CDB-42C6-BF47-38F796BF0794}.Debug|Any CPU.ActiveCfg = Debug|Any CPU
		{6C476029-1CDB-42C6-BF47-38F796BF0794}.Debug|Any CPU.Build.0 = Debug|Any CPU
		{6C476029-1CDB-42C6-BF47-38F796BF0794}.Debug|x64.ActiveCfg = Debug|Any CPU
		{6C476029-1CDB-42C6-BF47-38F796BF0794}.Debug|x64.Build.0 = Debug|Any CPU
		{6C476029-1CDB-42C6-BF47-38F796BF0794}.Debug|x86.ActiveCfg = Debug|Any CPU
		{6C476029-1CDB-42C6-BF47-38F796BF0794}.Debug|x86.Build.0 = Debug|Any CPU
		{6C476029-1CDB-42C6-BF47-38F796BF0794}.Release|Any CPU.ActiveCfg = Release|Any CPU
		{6C476029-1CDB-42C6-BF47-38F796BF0794}.Release|Any CPU.Build.0 = Release|Any CPU
		{6C476029-1CDB-42C6-BF47-38F796BF0794}.Release|x64.ActiveCfg = Release|Any CPU
		{6C476029-1CDB-42C6-BF47-38F796BF0794}.Release|x64.Build.0 = Release|Any CPU
		{6C476029-1CDB-42C6-BF47-38F796BF0794}.Release|x86.ActiveCfg = Release|Any CPU
		{6C476029-1CDB-42C6-BF47-38F796BF0794}.Release|x86.Build.0 = Release|Any CPU
		{5C736B47-CEBD-4A61-A03F-B241DFDCD86E}.Debug|Any CPU.ActiveCfg = Debug|Any CPU
		{5C736B47-CEBD-4A61-A03F-B241DFDCD86E}.Debug|Any CPU.Build.0 = Debug|Any CPU
		{5C736B47-CEBD-4A61-A03F-B241DFDCD86E}.Debug|x64.ActiveCfg = Debug|Any CPU
		{5C736B47-CEBD-4A61-A03F-B241DFDCD86E}.Debug|x64.Build.0 = Debug|Any CPU
		{5C736B47-CEBD-4A61-A03F-B241DFDCD86E}.Debug|x86.ActiveCfg = Debug|Any CPU
		{5C736B47-CEBD-4A61-A03F-B241DFDCD86E}.Debug|x86.Build.0 = Debug|Any CPU
		{5C736B47-CEBD-4A61-A03F-B241DFDCD86E}.Release|Any CPU.ActiveCfg = Release|Any CPU
		{5C736B47-CEBD-4A61-A03F-B241DFDCD86E}.Release|Any CPU.Build.0 = Release|Any CPU
		{5C736B47-CEBD-4A61-A03F-B241DFDCD86E}.Release|x64.ActiveCfg = Release|Any CPU
		{5C736B47-CEBD-4A61-A03F-B241DFDCD86E}.Release|x64.Build.0 = Release|Any CPU
		{5C736B47-CEBD-4A61-A03F-B241DFDCD86E}.Release|x86.ActiveCfg = Release|Any CPU
		{5C736B47-CEBD-4A61-A03F-B241DFDCD86E}.Release|x86.Build.0 = Release|Any CPU
	EndGlobalSection
	GlobalSection(SolutionProperties) = preSolution
		HideSolutionNode = FALSE
	EndGlobalSection
	GlobalSection(NestedProjects) = preSolution
		{E7FBE34D-0676-443D-B2F1-0ADB10979372} = {827E0CD3-B72D-47B6-A68D-7590B98EB39B}
		{6C476029-1CDB-42C6-BF47-38F796BF0794} = {827E0CD3-B72D-47B6-A68D-7590B98EB39B}
		{5C736B47-CEBD-4A61-A03F-B241DFDCD86E} = {827E0CD3-B72D-47B6-A68D-7590B98EB39B}
	EndGlobalSection
EndGlobal
